
Microsoft Visual Studio Solution File, Format Version 12.00
# Visual Studio Version 16
VisualStudioVersion = 16.0.29509.3
MinimumVisualStudioVersion = 10.0.40219.1
Project("{FAE04EC0-301F-11D3-BF4B-00C04F79EFBC}") = "Note", "NoteLibrary\Note.csproj", "{E1DCC4EF-C4B5-4DBC-8A7D-8BEA74CF8FBB}"
EndProject
Global
	GlobalSection(SolutionConfigurationPlatforms) = preSolution
		Debug|Any CPU = Debug|Any CPU
		Debug|x86 = Debug|x86
		Release|Any CPU = Release|Any CPU
		Release|x86 = Release|x86
	EndGlobalSection
	GlobalSection(ProjectConfigurationPlatforms) = postSolution
		{E1DCC4EF-C4B5-4DBC-8A7D-8BEA74CF8FBB}.Debug|Any CPU.ActiveCfg = Debug|Any CPU
		{E1DCC4EF-C4B5-4DBC-8A7D-8BEA74CF8FBB}.Debug|Any CPU.Build.0 = Debug|Any CPU
		{E1DCC4EF-C4B5-4DBC-8A7D-8BEA74CF8FBB}.Debug|x86.ActiveCfg = Debug|x86
		{E1DCC4EF-C4B5-4DBC-8A7D-8BEA74CF8FBB}.Debug|x86.Build.0 = Debug|x86
		{E1DCC4EF-C4B5-4DBC-8A7D-8BEA74CF8FBB}.Release|Any CPU.ActiveCfg = Release|Any CPU
		{E1DCC4EF-C4B5-4DBC-8A7D-8BEA74CF8FBB}.Release|Any CPU.Build.0 = Release|Any CPU
		{E1DCC4EF-C4B5-4DBC-8A7D-8BEA74CF8FBB}.Release|x86.ActiveCfg = Release|x86
		{E1DCC4EF-C4B5-4DBC-8A7D-8BEA74CF8FBB}.Release|x86.Build.0 = Release|x86
	EndGlobalSection
	GlobalSection(SolutionProperties) = preSolution
		HideSolutionNode = FALSE
	EndGlobalSection
	GlobalSection(ExtensibilityGlobals) = postSolution
		SolutionGuid = {6FE945D0-0835-448E-9D0F-0FB1A87EF101}
	EndGlobalSection
EndGlobal
